
Microsoft Visual Studio Solution File, Format Version 12.00
# Visual Studio Version 17
VisualStudioVersion = 17.11.35327.3
MinimumVisualStudioVersion = 10.0.40219.1
Project("{2150E333-8FDC-42A3-9474-1A3956D46DE8}") = "Services", "Services", "{A17AEBFC-C63E-4A38-A1F5-66328570EE6E}"
EndProject
Project("{2150E333-8FDC-42A3-9474-1A3956D46DE8}") = "ApiGateways", "ApiGateways", "{2471F103-F31E-445C-9D5E-CD6A00FA305B}"
EndProject
Project("{9A19103F-16F7-4668-BE54-9A1E7A4F7556}") = "ApiGateway", "ApiGateways\ApiGateway\ApiGateway.csproj", "{DB8DF364-730E-4E22-818C-4DA32B133B3B}"
EndProject
Project("{FAE04EC0-301F-11D3-BF4B-00C04F79EFBC}") = "Bank.AppHost", "Bank.AppHost\Bank.AppHost.csproj", "{6C8EED51-2C90-425D-BA31-29BAF75254B9}"
EndProject
Project("{9A19103F-16F7-4668-BE54-9A1E7A4F7556}") = "Bank.ServiceDefaults", "Bank.ServiceDefaults\Bank.ServiceDefaults.csproj", "{328BBECD-1BB0-45FF-9E83-AFC675DD91DF}"
EndProject
Global
	GlobalSection(SolutionConfigurationPlatforms) = preSolution
		Debug|Any CPU = Debug|Any CPU
		Release|Any CPU = Release|Any CPU
	EndGlobalSection
	GlobalSection(ProjectConfigurationPlatforms) = postSolution
		{DB8DF364-730E-4E22-818C-4DA32B133B3B}.Debug|Any CPU.ActiveCfg = Debug|Any CPU
		{DB8DF364-730E-4E22-818C-4DA32B133B3B}.Debug|Any CPU.Build.0 = Debug|Any CPU
		{DB8DF364-730E-4E22-818C-4DA32B133B3B}.Release|Any CPU.ActiveCfg = Release|Any CPU
		{DB8DF364-730E-4E22-818C-4DA32B133B3B}.Release|Any CPU.Build.0 = Release|Any CPU
		{6C8EED51-2C90-425D-BA31-29BAF75254B9}.Debug|Any CPU.ActiveCfg = Debug|Any CPU
		{6C8EED51-2C90-425D-BA31-29BAF75254B9}.Debug|Any CPU.Build.0 = Debug|Any CPU
		{6C8EED51-2C90-425D-BA31-29BAF75254B9}.Release|Any CPU.ActiveCfg = Release|Any CPU
		{6C8EED51-2C90-425D-BA31-29BAF75254B9}.Release|Any CPU.Build.0 = Release|Any CPU
		{328BBECD-1BB0-45FF-9E83-AFC675DD91DF}.Debug|Any CPU.ActiveCfg = Debug|Any CPU
		{328BBECD-1BB0-45FF-9E83-AFC675DD91DF}.Debug|Any CPU.Build.0 = Debug|Any CPU
		{328BBECD-1BB0-45FF-9E83-AFC675DD91DF}.Release|Any CPU.ActiveCfg = Release|Any CPU
		{328BBECD-1BB0-45FF-9E83-AFC675DD91DF}.Release|Any CPU.Build.0 = Release|Any CPU
	EndGlobalSection
	GlobalSection(SolutionProperties) = preSolution
		HideSolutionNode = FALSE
	EndGlobalSection
	GlobalSection(NestedProjects) = preSolution
		{DB8DF364-730E-4E22-818C-4DA32B133B3B} = {2471F103-F31E-445C-9D5E-CD6A00FA305B}
	EndGlobalSection
	GlobalSection(ExtensibilityGlobals) = postSolution
		SolutionGuid = {0D9AA744-2821-46DF-BCF6-1B1A6E049907}
	EndGlobalSection
EndGlobal
